
Microsoft Visual Studio Solution File, Format Version 12.00
# Visual Studio Version 17
VisualStudioVersion = 17.5.33530.505
MinimumVisualStudioVersion = 10.0.40219.1
Project("{FAE04EC0-301F-11D3-BF4B-00C04F79EFBC}") = "test-projects", "test-projects\test-projects.csproj", "{37B86C11-DFEB-4F1D-A0BE-F6AB4ACBF833}"
EndProject
Global
	GlobalSection(SolutionConfigurationPlatforms) = preSolution
		Debug|Any CPU = Debug|Any CPU
		Release|Any CPU = Release|Any CPU
	EndGlobalSection
	GlobalSection(ProjectConfigurationPlatforms) = postSolution
		{37B86C11-DFEB-4F1D-A0BE-F6AB4ACBF833}.Debug|Any CPU.ActiveCfg = Debug|Any CPU
		{37B86C11-DFEB-4F1D-A0BE-F6AB4ACBF833}.Debug|Any CPU.Build.0 = Debug|Any CPU
		{37B86C11-DFEB-4F1D-A0BE-F6AB4ACBF833}.Release|Any CPU.ActiveCfg = Release|Any CPU
		{37B86C11-DFEB-4F1D-A0BE-F6AB4ACBF833}.Release|Any CPU.Build.0 = Release|Any CPU
	EndGlobalSection
	GlobalSection(SolutionProperties) = preSolution
		HideSolutionNode = FALSE
	EndGlobalSection
	GlobalSection(ExtensibilityGlobals) = postSolution
		SolutionGuid = {1DC8EE07-538C-4866-939D-32B332BC566B}
	EndGlobalSection
EndGlobal
